
Microsoft Visual Studio Solution File, Format Version 12.00
# Visual Studio Version 16
VisualStudioVersion = 16.0.31005.135
MinimumVisualStudioVersion = 10.0.40219.1
Project("{FAE04EC0-301F-11D3-BF4B-00C04F79EFBC}") = "lab1", "lab1.csproj", "{8F4F148D-06C6-4935-8CFC-B0D9404A216A}"
EndProject
Global
	GlobalSection(SolutionConfigurationPlatforms) = preSolution
		Debug|Any CPU = Debug|Any CPU
		Release|Any CPU = Release|Any CPU
	EndGlobalSection
	GlobalSection(ProjectConfigurationPlatforms) = postSolution
		{8F4F148D-06C6-4935-8CFC-B0D9404A216A}.Debug|Any CPU.ActiveCfg = Debug|Any CPU
		{8F4F148D-06C6-4935-8CFC-B0D9404A216A}.Debug|Any CPU.Build.0 = Debug|Any CPU
		{8F4F148D-06C6-4935-8CFC-B0D9404A216A}.Release|Any CPU.ActiveCfg = Release|Any CPU
		{8F4F148D-06C6-4935-8CFC-B0D9404A216A}.Release|Any CPU.Build.0 = Release|Any CPU
	EndGlobalSection
	GlobalSection(SolutionProperties) = preSolution
		HideSolutionNode = FALSE
	EndGlobalSection
	GlobalSection(ExtensibilityGlobals) = postSolution
		SolutionGuid = {0BEC6B07-A505-4EAD-A279-55219B5638D9}
	EndGlobalSection
EndGlobal
